
Microsoft Visual Studio Solution File, Format Version 12.00
# Visual Studio Version 17
VisualStudioVersion = 17.4.33205.214
MinimumVisualStudioVersion = 10.0.40219.1
Project("{9A19103F-16F7-4668-BE54-9A1E7A4F7556}") = "SocialNetwork", "SocialNetwork\SocialNetwork.csproj", "{2E768161-CEBB-45C0-8A6F-878F9573B7B4}"
EndProject
Project("{FAE04EC0-301F-11D3-BF4B-00C04F79EFBC}") = "SocialNetwork.Tests", "SocialNetwork.Tests\SocialNetwork.Tests.csproj", "{8FD94F92-72F7-49FF-BE04-93EFA5CE11F4}"
	ProjectSection(ProjectDependencies) = postProject
		{2E768161-CEBB-45C0-8A6F-878F9573B7B4} = {2E768161-CEBB-45C0-8A6F-878F9573B7B4}
	EndProjectSection
EndProject
Global
	GlobalSection(SolutionConfigurationPlatforms) = preSolution
		Debug|Any CPU = Debug|Any CPU
		Release|Any CPU = Release|Any CPU
	EndGlobalSection
	GlobalSection(ProjectConfigurationPlatforms) = postSolution
		{2E768161-CEBB-45C0-8A6F-878F9573B7B4}.Debug|Any CPU.ActiveCfg = Debug|Any CPU
		{2E768161-CEBB-45C0-8A6F-878F9573B7B4}.Debug|Any CPU.Build.0 = Debug|Any CPU
		{2E768161-CEBB-45C0-8A6F-878F9573B7B4}.Release|Any CPU.ActiveCfg = Release|Any CPU
		{2E768161-CEBB-45C0-8A6F-878F9573B7B4}.Release|Any CPU.Build.0 = Release|Any CPU
		{8FD94F92-72F7-49FF-BE04-93EFA5CE11F4}.Debug|Any CPU.ActiveCfg = Debug|Any CPU
		{8FD94F92-72F7-49FF-BE04-93EFA5CE11F4}.Debug|Any CPU.Build.0 = Debug|Any CPU
		{8FD94F92-72F7-49FF-BE04-93EFA5CE11F4}.Release|Any CPU.ActiveCfg = Release|Any CPU
		{8FD94F92-72F7-49FF-BE04-93EFA5CE11F4}.Release|Any CPU.Build.0 = Release|Any CPU
	EndGlobalSection
	GlobalSection(SolutionProperties) = preSolution
		HideSolutionNode = FALSE
	EndGlobalSection
	GlobalSection(ExtensibilityGlobals) = postSolution
		SolutionGuid = {B219DE68-20C5-498A-9A08-F46A24C70B53}
	EndGlobalSection
EndGlobal
